{
  "nodes": {
    "flake-compat": {
      "flake": false,
      "locked": {
        "lastModified": 1673956053,
        "narHash": "sha256-4gtG9iQuiKITOjNQQeQIpoIB6b16fm+504Ch3sNKLd8=",
        "owner": "edolstra",
        "repo": "flake-compat",
        "rev": "35bb57c0c8d8b62bbfd284272c928ceb64ddbde9",
        "type": "github"
      },
      "original": {
        "owner": "edolstra",
        "repo": "flake-compat",
        "type": "github"
      }
    },
    "flake-utils": {
      "inputs": {
        "systems": "systems"
      },
      "locked": {
        "lastModified": 1694529238,
        "narHash": "sha256-zsNZZGTGnMOf9YpHKJqMSsa0dXbfmxeoJ7xHlrt+xmY=",
        "owner": "numtide",
        "repo": "flake-utils",
        "rev": "ff7b65b44d01cf9ba6a71320833626af21126384",
        "type": "github"
      },
      "original": {
        "owner": "numtide",
        "repo": "flake-utils",
        "type": "github"
      }
    },
    "flake-utils_2": {
      "locked": {
        "lastModified": 1659877975,
        "narHash": "sha256-zllb8aq3YO3h8B/U0/J1WBgAL8EX5yWf5pMj3G0NAmc=",
        "owner": "numtide",
        "repo": "flake-utils",
        "rev": "c0e246b9b83f637f4681389ecabcb2681b4f3af0",
        "type": "github"
      },
      "original": {
        "owner": "numtide",
        "repo": "flake-utils",
        "type": "github"
      }
    },
    "flake-utils_3": {
      "inputs": {
        "systems": "systems_2"
      },
      "locked": {
        "lastModified": 1681202837,
        "narHash": "sha256-H+Rh19JDwRtpVPAWp64F+rlEtxUWBAQW28eAi3SRSzg=",
        "owner": "numtide",
        "repo": "flake-utils",
        "rev": "cfacdce06f30d2b68473a46042957675eebb3401",
        "type": "github"
      },
      "original": {
        "owner": "numtide",
        "repo": "flake-utils",
        "type": "github"
      }
    },
    "flake-utils_4": {
      "inputs": {
        "systems": "systems_3"
      },
      "locked": {
        "lastModified": 1689068808,
        "narHash": "sha256-6ixXo3wt24N/melDWjq70UuHQLxGV8jZvooRanIHXw0=",
        "owner": "numtide",
        "repo": "flake-utils",
        "rev": "919d646de7be200f3bf08cb76ae1f09402b6f9b4",
        "type": "github"
      },
      "original": {
        "owner": "numtide",
        "repo": "flake-utils",
        "type": "github"
      }
    },
    "flake-utils_5": {
      "inputs": {
        "systems": "systems_4"
      },
      "locked": {
        "lastModified": 1681202837,
        "narHash": "sha256-H+Rh19JDwRtpVPAWp64F+rlEtxUWBAQW28eAi3SRSzg=",
        "owner": "numtide",
        "repo": "flake-utils",
        "rev": "cfacdce06f30d2b68473a46042957675eebb3401",
        "type": "github"
      },
      "original": {
        "owner": "numtide",
        "repo": "flake-utils",
        "type": "github"
      }
    },
    "home-manager": {
      "inputs": {
        "nixpkgs": [
          "nixpkgs"
        ]
      },
      "locked": {
        "lastModified": 1695108154,
        "narHash": "sha256-gSg7UTVtls2yO9lKtP0yb66XBHT1Fx5qZSZbGMpSn2c=",
        "owner": "nix-community",
        "repo": "home-manager",
        "rev": "07682fff75d41f18327a871088d20af2710d4744",
        "type": "github"
      },
      "original": {
        "owner": "nix-community",
        "ref": "release-23.05",
        "repo": "home-manager",
        "type": "github"
      }
    },
    "jsonnet-language-server": {
      "inputs": {
        "flake-utils": "flake-utils_2",
        "nixpkgs": "nixpkgs"
      },
      "locked": {
        "dir": "nix",
        "lastModified": 1692898433,
        "narHash": "sha256-fmhc9j6Y9Oy+WOAPa+xMiG8WZ3iNb1+EoPAnuqqaiOA=",
        "owner": "grafana",
        "repo": "jsonnet-language-server",
        "rev": "970897807f4df928c8f55eeb0f21684952732ea3",
        "type": "github"
      },
      "original": {
        "dir": "nix",
        "owner": "grafana",
        "repo": "jsonnet-language-server",
        "rev": "970897807f4df928c8f55eeb0f21684952732ea3",
        "type": "github"
      }
    },
    "nil-ls": {
      "inputs": {
        "flake-utils": "flake-utils_3",
        "nixpkgs": [
          "nixpkgs-unstable"
        ],
        "rust-overlay": [
          "rust-overlay"
        ]
      },
      "locked": {
        "lastModified": 1683653883,
        "narHash": "sha256-Xg3Cux5wQDatXRvQWsVD0YPfmxfijjG8+gxYqgoT6JE=",
        "owner": "oxalica",
        "repo": "nil",
        "rev": "18de045d7788df2343aec58df7b85c10d1f5d5dd",
        "type": "github"
      },
      "original": {
        "owner": "oxalica",
        "repo": "nil",
        "rev": "18de045d7788df2343aec58df7b85c10d1f5d5dd",
        "type": "github"
      }
    },
    "nix-alien": {
      "inputs": {
        "flake-compat": "flake-compat",
        "flake-utils": "flake-utils_4",
        "nix-index-database": "nix-index-database",
        "nixpkgs": "nixpkgs_2"
      },
      "locked": {
        "lastModified": 1696941105,
        "narHash": "sha256-3qW17J6tCFgQ9ajYUS1amYQNmHEL1rVcXMMclThBplk=",
        "owner": "thiagokokada",
        "repo": "nix-alien",
        "rev": "68b11e13fa73f26899f5e040c9616d64e5fb325b",
        "type": "github"
      },
      "original": {
        "owner": "thiagokokada",
        "repo": "nix-alien",
        "type": "github"
      }
    },
    "nix-index-database": {
      "inputs": {
        "nixpkgs": [
          "nix-alien",
          "nixpkgs"
        ]
      },
      "locked": {
        "lastModified": 1691897365,
        "narHash": "sha256-jvWIU4ht3YAmF8TDVM2Ps2+Gf4MtNGLL1zEWQZdTrzU=",
        "owner": "Mic92",
        "repo": "nix-index-database",
        "rev": "f4d70d098f066a30c7087144063dca179495f7d6",
        "type": "github"
      },
      "original": {
        "owner": "Mic92",
        "repo": "nix-index-database",
        "type": "github"
      }
    },
    "nixgl": {
      "inputs": {
        "flake-utils": [
          "flake-utils"
        ],
        "nixpkgs": [
          "nixpkgs"
        ]
      },
      "locked": {
        "lastModified": 1685908677,
        "narHash": "sha256-E4zUPEUFyVWjVm45zICaHRpfGepfkE9Z2OECV9HXfA4=",
        "owner": "guibou",
        "repo": "nixGL",
        "rev": "489d6b095ab9d289fe11af0219a9ff00fe87c7c5",
        "type": "github"
      },
      "original": {
        "owner": "guibou",
        "repo": "nixGL",
        "type": "github"
      }
    },
    "nixos-hardware": {
      "locked": {
        "lastModified": 1697100850,
        "narHash": "sha256-qSAzJVzNRIo+r3kBjL8TcpJctcgcHlnZyqdzpWgtg0M=",
        "owner": "NixOS",
        "repo": "nixos-hardware",
        "rev": "fb6af288f6cf0f00d3af60cf9d5110433b954565",
        "type": "github"
      },
      "original": {
        "owner": "NixOS",
        "ref": "master",
        "repo": "nixos-hardware",
        "type": "github"
      }
    },
    "nixpkgs": {
      "locked": {
        "lastModified": 1661720780,
        "narHash": "sha256-AJNGyaB2eKZAYaPNjBZOzap87yL+F9ZLaFzzMkvega0=",
        "owner": "nixos",
        "repo": "nixpkgs",
        "rev": "a63021a330d8d33d862a8e29924b42d73037dd37",
        "type": "github"
      },
      "original": {
        "owner": "nixos",
        "ref": "nixos-unstable",
        "repo": "nixpkgs",
        "type": "github"
      }
    },
    "nixpkgs-unstable": {
      "locked": {
        "lastModified": 1697009197,
        "narHash": "sha256-viVRhBTFT8fPJTb1N3brQIpFZnttmwo3JVKNuWRVc3s=",
        "owner": "NixOS",
        "repo": "nixpkgs",
        "rev": "01441e14af5e29c9d27ace398e6dd0b293e25a54",
        "type": "github"
      },
      "original": {
        "owner": "NixOS",
        "ref": "nixpkgs-unstable",
        "repo": "nixpkgs",
        "type": "github"
      }
    },
    "nixpkgs_2": {
      "locked": {
        "lastModified": 1692007866,
        "narHash": "sha256-X8w0vPZjZxMm68VCwh/BHDoKRGp+BgzQ6w7Nkif6IVM=",
        "owner": "NixOS",
        "repo": "nixpkgs",
        "rev": "de2b8ddf94d6cc6161b7659649594c79bd66c13b",
        "type": "github"
      },
      "original": {
        "owner": "NixOS",
        "ref": "nixpkgs-unstable",
        "repo": "nixpkgs",
        "type": "github"
      }
    },
    "nixpkgs_3": {
      "locked": {
        "lastModified": 1697054011,
        "narHash": "sha256-uowS4WURfDAOCp0JmeCTn8fPvqORndNLoFuTd/s4TTg=",
        "owner": "NixOS",
        "repo": "nixpkgs",
        "rev": "ea972ba0bc16cfebc7b84fa85e06127bfe20f4bf",
        "type": "github"
      },
      "original": {
        "owner": "NixOS",
        "ref": "release-23.05",
        "repo": "nixpkgs",
        "type": "github"
      }
    },
    "nur": {
      "locked": {
        "lastModified": 1697099613,
        "narHash": "sha256-9t4kNpPiCOW/SInqCik7HsKgCz+eoCbNNrIxqAN21GA=",
        "owner": "nix-community",
        "repo": "NUR",
        "rev": "c324f1bd5ad41d63a4721f08760480e346fbff0c",
        "type": "github"
      },
      "original": {
        "owner": "nix-community",
        "repo": "NUR",
        "type": "github"
      }
    },
    "root": {
      "inputs": {
        "flake-utils": "flake-utils",
        "home-manager": "home-manager",
        "jsonnet-language-server": "jsonnet-language-server",
        "nil-ls": "nil-ls",
        "nix-alien": "nix-alien",
        "nixgl": "nixgl",
        "nixos-hardware": "nixos-hardware",
        "nixpkgs": "nixpkgs_3",
        "nixpkgs-unstable": "nixpkgs-unstable",
        "nur": "nur",
        "rust-overlay": "rust-overlay",
        "secrets": "secrets"
      }
    },
    "rust-overlay": {
      "inputs": {
        "flake-utils": "flake-utils_5",
        "nixpkgs": [
          "nixpkgs-unstable"
        ]
      },
      "locked": {
        "lastModified": 1692842983,
        "narHash": "sha256-VJkts5gTo4eGMT1IgXhL5tRVkS1TailFKjjVktAuhdk=",
        "owner": "oxalica",
        "repo": "rust-overlay",
        "rev": "8f6d56270ec028a340583111609b12663f5d7490",
        "type": "github"
      },
      "original": {
        "owner": "oxalica",
        "repo": "rust-overlay",
        "type": "github"
      }
    },
    "secrets": {
      "inputs": {
        "flake-utils": [
          "flake-utils"
        ],
        "nixpkgs": [
          "nixpkgs"
        ]
      },
      "locked": {
        "lastModified": 1695235850,
        "narHash": "sha256-s2ktWR9EIZWZiVdcvrBaAQmOIgRB+1yiTidN8xdRH0k=",
        "ref": "main",
        "rev": "85b2b445e9e0a7f2996a5f7964e6f7ad8072f675",
        "revCount": 27,
        "type": "git",
        "url": "ssh://git@github.com/trevorwhitney/home-manager-secrets.git"
      },
      "original": {
        "ref": "main",
        "rev": "85b2b445e9e0a7f2996a5f7964e6f7ad8072f675",
        "type": "git",
        "url": "ssh://git@github.com/trevorwhitney/home-manager-secrets.git"
      }
    },
    "systems": {
      "locked": {
        "lastModified": 1681028828,
        "narHash": "sha256-Vy1rq5AaRuLzOxct8nz4T6wlgyUR7zLU309k9mBC768=",
        "owner": "nix-systems",
        "repo": "default",
        "rev": "da67096a3b9bf56a91d16901293e51ba5b49a27e",
        "type": "github"
      },
      "original": {
        "owner": "nix-systems",
        "repo": "default",
        "type": "github"
      }
    },
    "systems_2": {
      "locked": {
        "lastModified": 1681028828,
        "narHash": "sha256-Vy1rq5AaRuLzOxct8nz4T6wlgyUR7zLU309k9mBC768=",
        "owner": "nix-systems",
        "repo": "default",
        "rev": "da67096a3b9bf56a91d16901293e51ba5b49a27e",
        "type": "github"
      },
      "original": {
        "owner": "nix-systems",
        "repo": "default",
        "type": "github"
      }
    },
    "systems_3": {
      "locked": {
        "lastModified": 1681028828,
        "narHash": "sha256-Vy1rq5AaRuLzOxct8nz4T6wlgyUR7zLU309k9mBC768=",
        "owner": "nix-systems",
        "repo": "default",
        "rev": "da67096a3b9bf56a91d16901293e51ba5b49a27e",
        "type": "github"
      },
      "original": {
        "owner": "nix-systems",
        "repo": "default",
        "type": "github"
      }
    },
    "systems_4": {
      "locked": {
        "lastModified": 1681028828,
        "narHash": "sha256-Vy1rq5AaRuLzOxct8nz4T6wlgyUR7zLU309k9mBC768=",
        "owner": "nix-systems",
        "repo": "default",
        "rev": "da67096a3b9bf56a91d16901293e51ba5b49a27e",
        "type": "github"
      },
      "original": {
        "owner": "nix-systems",
        "repo": "default",
        "type": "github"
      }
    }
  },
  "root": "root",
  "version": 7
}
