{
  "nodes": {
    "flake-compat": {
      "flake": false,
      "locked": {
        "lastModified": 1673956053,
        "narHash": "sha256-4gtG9iQuiKITOjNQQeQIpoIB6b16fm+504Ch3sNKLd8=",
        "owner": "edolstra",
        "repo": "flake-compat",
        "rev": "35bb57c0c8d8b62bbfd284272c928ceb64ddbde9",
        "type": "github"
      },
      "original": {
        "owner": "edolstra",
        "repo": "flake-compat",
        "type": "github"
      }
    },
    "flake-utils": {
      "inputs": {
        "systems": "systems"
      },
      "locked": {
        "lastModified": 1689068808,
        "narHash": "sha256-6ixXo3wt24N/melDWjq70UuHQLxGV8jZvooRanIHXw0=",
        "owner": "numtide",
        "repo": "flake-utils",
        "rev": "919d646de7be200f3bf08cb76ae1f09402b6f9b4",
        "type": "github"
      },
      "original": {
        "owner": "numtide",
        "repo": "flake-utils",
        "type": "github"
      }
    },
    "flake-utils_2": {
      "locked": {
        "lastModified": 1659877975,
        "narHash": "sha256-zllb8aq3YO3h8B/U0/J1WBgAL8EX5yWf5pMj3G0NAmc=",
        "owner": "numtide",
        "repo": "flake-utils",
        "rev": "c0e246b9b83f637f4681389ecabcb2681b4f3af0",
        "type": "github"
      },
      "original": {
        "owner": "numtide",
        "repo": "flake-utils",
        "type": "github"
      }
    },
    "flake-utils_3": {
      "inputs": {
        "systems": "systems_2"
      },
      "locked": {
        "lastModified": 1689068808,
        "narHash": "sha256-6ixXo3wt24N/melDWjq70UuHQLxGV8jZvooRanIHXw0=",
        "owner": "numtide",
        "repo": "flake-utils",
        "rev": "919d646de7be200f3bf08cb76ae1f09402b6f9b4",
        "type": "github"
      },
      "original": {
        "owner": "numtide",
        "repo": "flake-utils",
        "type": "github"
      }
    },
    "home-manager": {
      "inputs": {
        "nixpkgs": [
          "nixpkgs"
        ]
      },
      "locked": {
        "lastModified": 1692099905,
        "narHash": "sha256-/pSusGhmIdSdAaywQRFA5dVbfdIzlWQTecM+E46+cJ0=",
        "owner": "nix-community",
        "repo": "home-manager",
        "rev": "2a6679aa9cc3872c29ba2a57fe1b71b3e3c5649f",
        "type": "github"
      },
      "original": {
        "owner": "nix-community",
        "ref": "release-23.05",
        "repo": "home-manager",
        "type": "github"
      }
    },
    "jsonnet-language-server": {
      "inputs": {
        "flake-utils": "flake-utils_2",
        "nixpkgs": "nixpkgs"
      },
      "locked": {
        "dir": "nix",
        "lastModified": 1683030243,
        "narHash": "sha256-jmeXX4l0A6bVRt9eJI6wDzjOcjPC0/uElT/2YwhWoqw=",
        "owner": "grafana",
        "repo": "jsonnet-language-server",
        "rev": "69230fe700d4bad6debcc2c11ed91cf1b035a892",
        "type": "github"
      },
      "original": {
        "dir": "nix",
        "owner": "grafana",
        "repo": "jsonnet-language-server",
        "rev": "69230fe700d4bad6debcc2c11ed91cf1b035a892",
        "type": "github"
      }
    },
    "nix-alien": {
      "inputs": {
        "flake-compat": "flake-compat",
        "flake-utils": "flake-utils_3",
        "nix-index-database": "nix-index-database",
        "nixpkgs": "nixpkgs_2"
      },
      "locked": {
        "lastModified": 1692077780,
        "narHash": "sha256-4BO9p4N4ywIkeAOQ0SpLxOIAZpH7GZWDYFobnL8ENOA=",
        "owner": "thiagokokada",
        "repo": "nix-alien",
        "rev": "95507c65bb91ac9ae4dd55a083f3dc48ea1e9baa",
        "type": "github"
      },
      "original": {
        "owner": "thiagokokada",
        "repo": "nix-alien",
        "type": "github"
      }
    },
    "nix-index-database": {
      "inputs": {
        "nixpkgs": [
          "nix-alien",
          "nixpkgs"
        ]
      },
      "locked": {
        "lastModified": 1691897365,
        "narHash": "sha256-jvWIU4ht3YAmF8TDVM2Ps2+Gf4MtNGLL1zEWQZdTrzU=",
        "owner": "Mic92",
        "repo": "nix-index-database",
        "rev": "f4d70d098f066a30c7087144063dca179495f7d6",
        "type": "github"
      },
      "original": {
        "owner": "Mic92",
        "repo": "nix-index-database",
        "type": "github"
      }
    },
    "nixgl": {
      "inputs": {
        "flake-utils": [
          "flake-utils"
        ],
        "nixpkgs": [
          "nixpkgs"
        ]
      },
      "locked": {
        "lastModified": 1685908677,
        "narHash": "sha256-E4zUPEUFyVWjVm45zICaHRpfGepfkE9Z2OECV9HXfA4=",
        "owner": "guibou",
        "repo": "nixGL",
        "rev": "489d6b095ab9d289fe11af0219a9ff00fe87c7c5",
        "type": "github"
      },
      "original": {
        "owner": "guibou",
        "repo": "nixGL",
        "type": "github"
      }
    },
    "nixos-hardware": {
      "locked": {
        "lastModified": 1692373088,
        "narHash": "sha256-EPgCecdc9I8aTdmDNoO1l7R72r2WPhZRcesV4nzxBj8=",
        "owner": "NixOS",
        "repo": "nixos-hardware",
        "rev": "7f1836531b126cfcf584e7d7d71bf8758bb58969",
        "type": "github"
      },
      "original": {
        "owner": "NixOS",
        "ref": "master",
        "repo": "nixos-hardware",
        "type": "github"
      }
    },
    "nixpkgs": {
      "locked": {
        "lastModified": 1661720780,
        "narHash": "sha256-AJNGyaB2eKZAYaPNjBZOzap87yL+F9ZLaFzzMkvega0=",
        "owner": "nixos",
        "repo": "nixpkgs",
        "rev": "a63021a330d8d33d862a8e29924b42d73037dd37",
        "type": "github"
      },
      "original": {
        "owner": "nixos",
        "ref": "nixos-unstable",
        "repo": "nixpkgs",
        "type": "github"
      }
    },
    "nixpkgs-unstable": {
      "locked": {
        "lastModified": 1692684269,
        "narHash": "sha256-zJk2pyF4Cuhtor0khtPlf+hfJIh22rzAUC+KU3Ob31Q=",
        "owner": "NixOS",
        "repo": "nixpkgs",
        "rev": "9d757ec498666cc1dcc6f2be26db4fd3e1e9ab37",
        "type": "github"
      },
      "original": {
        "owner": "NixOS",
        "ref": "nixpkgs-unstable",
        "repo": "nixpkgs",
        "type": "github"
      }
    },
    "nixpkgs_2": {
      "locked": {
        "lastModified": 1692007866,
        "narHash": "sha256-X8w0vPZjZxMm68VCwh/BHDoKRGp+BgzQ6w7Nkif6IVM=",
        "owner": "NixOS",
        "repo": "nixpkgs",
        "rev": "de2b8ddf94d6cc6161b7659649594c79bd66c13b",
        "type": "github"
      },
      "original": {
        "owner": "NixOS",
        "ref": "nixpkgs-unstable",
        "repo": "nixpkgs",
        "type": "github"
      }
    },
    "nixpkgs_3": {
      "locked": {
        "lastModified": 1692735708,
        "narHash": "sha256-3HO7FbIF5YM+EgmlJbmQZqE0PpIS4gVlrPTTdXvX6DQ=",
        "owner": "NixOS",
        "repo": "nixpkgs",
        "rev": "26260b170c16b4ae0f092754a33430cb361b2bda",
        "type": "github"
      },
      "original": {
        "owner": "NixOS",
        "ref": "release-23.05",
        "repo": "nixpkgs",
        "type": "github"
      }
    },
    "nur": {
      "locked": {
        "lastModified": 1692772325,
        "narHash": "sha256-YSOdlraay+SDKDc+pkQFz+LtOZZQEcnOudcu6IHFTmI=",
        "owner": "nix-community",
        "repo": "NUR",
        "rev": "cc640e722fa1932b531c2018df0b6698f251d6f3",
        "type": "github"
      },
      "original": {
        "owner": "nix-community",
        "repo": "NUR",
        "type": "github"
      }
    },
    "root": {
      "inputs": {
        "flake-utils": "flake-utils",
        "home-manager": "home-manager",
        "jsonnet-language-server": "jsonnet-language-server",
        "nix-alien": "nix-alien",
        "nixgl": "nixgl",
        "nixos-hardware": "nixos-hardware",
        "nixpkgs": "nixpkgs_3",
        "nixpkgs-unstable": "nixpkgs-unstable",
        "nur": "nur",
        "secrets": "secrets"
      }
    },
    "secrets": {
      "inputs": {
        "flake-utils": [
          "flake-utils"
        ],
        "nixpkgs": [
          "nixpkgs"
        ]
      },
      "locked": {
        "lastModified": 1690830606,
        "narHash": "sha256-l1uO5Rc0ZT/yUAZrYuTet2MljNeiLbmJR6DqZr4brEU=",
        "ref": "main",
        "rev": "011e342a1a6c5510a24e88fb737cd3f553db3eb4",
        "revCount": 24,
        "type": "git",
        "url": "ssh://git@github.com/trevorwhitney/home-manager-secrets.git"
      },
      "original": {
        "ref": "main",
        "rev": "011e342a1a6c5510a24e88fb737cd3f553db3eb4",
        "type": "git",
        "url": "ssh://git@github.com/trevorwhitney/home-manager-secrets.git"
      }
    },
    "systems": {
      "locked": {
        "lastModified": 1681028828,
        "narHash": "sha256-Vy1rq5AaRuLzOxct8nz4T6wlgyUR7zLU309k9mBC768=",
        "owner": "nix-systems",
        "repo": "default",
        "rev": "da67096a3b9bf56a91d16901293e51ba5b49a27e",
        "type": "github"
      },
      "original": {
        "owner": "nix-systems",
        "repo": "default",
        "type": "github"
      }
    },
    "systems_2": {
      "locked": {
        "lastModified": 1681028828,
        "narHash": "sha256-Vy1rq5AaRuLzOxct8nz4T6wlgyUR7zLU309k9mBC768=",
        "owner": "nix-systems",
        "repo": "default",
        "rev": "da67096a3b9bf56a91d16901293e51ba5b49a27e",
        "type": "github"
      },
      "original": {
        "owner": "nix-systems",
        "repo": "default",
        "type": "github"
      }
    }
  },
  "root": "root",
  "version": 7
}
