{
  "nodes": {
    "flake-utils": {
      "inputs": {
        "systems": "systems"
      },
      "locked": {
        "lastModified": 1692799911,
        "narHash": "sha256-3eihraek4qL744EvQXsK1Ha6C3CR7nnT8X2qWap4RNk=",
        "owner": "numtide",
        "repo": "flake-utils",
        "rev": "f9e7cf818399d17d347f847525c5a5a8032e4e44",
        "type": "github"
      },
      "original": {
        "owner": "numtide",
        "repo": "flake-utils",
        "type": "github"
      }
    },
    "loki": {
      "inputs": {
        "flake-utils": [
          "flake-utils"
        ],
        "nixpkgs": "nixpkgs"
      },
      "locked": {
        "lastModified": 1692889210,
        "narHash": "sha256-+6neRJrPNJ9YtTdjoUjfIaF9VKTEnPnIZDd3cUSDYYQ=",
        "owner": "grafana",
        "repo": "loki",
        "rev": "4bd5e617c3af2b60310e35795b5ac9f88b6a3a8e",
        "type": "github"
      },
      "original": {
        "owner": "grafana",
        "repo": "loki",
        "type": "github"
      }
    },
    "nixpkgs": {
      "locked": {
        "lastModified": 1680487167,
        "narHash": "sha256-9FNIqrxDZgSliGGN2XJJSvcDYmQbgOANaZA4UWnTdg4=",
        "owner": "nixos",
        "repo": "nixpkgs",
        "rev": "53dad94e874c9586e71decf82d972dfb640ef044",
        "type": "github"
      },
      "original": {
        "owner": "nixos",
        "ref": "nixos-unstable",
        "repo": "nixpkgs",
        "type": "github"
      }
    },
    "nixpkgs_2": {
      "locked": {
        "lastModified": 1692734709,
        "narHash": "sha256-SCFnyHCyYjwEmgUsHDDuU0TsbVMKeU1vwkR+r7uS2Rg=",
        "owner": "nixos",
        "repo": "nixpkgs",
        "rev": "b85ed9dcbf187b909ef7964774f8847d554fab3b",
        "type": "github"
      },
      "original": {
        "owner": "nixos",
        "ref": "nixos-unstable",
        "repo": "nixpkgs",
        "type": "github"
      }
    },
    "root": {
      "inputs": {
        "flake-utils": "flake-utils",
        "loki": "loki",
        "nixpkgs": "nixpkgs_2",
        "secrets": "secrets"
      }
    },
    "secrets": {
      "inputs": {
        "flake-utils": [
          "flake-utils"
        ],
        "nixpkgs": [
          "nixpkgs"
        ]
      },
      "locked": {
        "lastModified": 1692827009,
        "narHash": "sha256-k262Y2B89aH06LXSp0LmDLlFpTrlVFLSH2dHhMNnO+w=",
        "ref": "main",
        "rev": "817ab0e943955c17b9396c7958e28474ee8f876c",
        "revCount": 25,
        "type": "git",
        "url": "ssh://git@github.com/trevorwhitney/home-manager-secrets.git"
      },
      "original": {
        "ref": "main",
        "rev": "817ab0e943955c17b9396c7958e28474ee8f876c",
        "type": "git",
        "url": "ssh://git@github.com/trevorwhitney/home-manager-secrets.git"
      }
    },
    "systems": {
      "locked": {
        "lastModified": 1681028828,
        "narHash": "sha256-Vy1rq5AaRuLzOxct8nz4T6wlgyUR7zLU309k9mBC768=",
        "owner": "nix-systems",
        "repo": "default",
        "rev": "da67096a3b9bf56a91d16901293e51ba5b49a27e",
        "type": "github"
      },
      "original": {
        "owner": "nix-systems",
        "repo": "default",
        "type": "github"
      }
    }
  },
  "root": "root",
  "version": 7
}
